
Microsoft Visual Studio Solution File, Format Version 12.00
# Visual Studio Version 16
VisualStudioVersion = 25.0.1706.10
MinimumVisualStudioVersion = 10.0.40219.1
Project("{FAE04EC0-301F-11D3-BF4B-00C04F79EFBC}") = "TestMe", "TestMe.csproj", "{904271DB-5CE7-43FD-9E9E-8AE16D091F98}"
EndProject
Global
	GlobalSection(SolutionConfigurationPlatforms) = preSolution
		Debug|Any CPU = Debug|Any CPU
		Release|Any CPU = Release|Any CPU
	EndGlobalSection
	GlobalSection(ProjectConfigurationPlatforms) = postSolution
		{904271DB-5CE7-43FD-9E9E-8AE16D091F98}.Debug|Any CPU.ActiveCfg = Debug|Any CPU
		{904271DB-5CE7-43FD-9E9E-8AE16D091F98}.Debug|Any CPU.Build.0 = Debug|Any CPU
		{904271DB-5CE7-43FD-9E9E-8AE16D091F98}.Release|Any CPU.ActiveCfg = Release|Any CPU
		{904271DB-5CE7-43FD-9E9E-8AE16D091F98}.Release|Any CPU.Build.0 = Release|Any CPU
	EndGlobalSection
	GlobalSection(SolutionProperties) = preSolution
		HideSolutionNode = FALSE
	EndGlobalSection
	GlobalSection(ExtensibilityGlobals) = postSolution
		SolutionGuid = {5CB7E21E-348B-494C-AC70-8D389BEA1112}
	EndGlobalSection
EndGlobal
